Microsoft Visual Studio Solution File, Format Version 12.00
# Visual Studio Version 17
VisualStudioVersion = 17.5.2.0
MinimumVisualStudioVersion = 10.0.40219.1
Project("{FAE04EC0-301F-11D3-BF4B-00C04F79EFBC}") = "Repro_OTel", "Repro_OTel.csproj", "{FDBE2C3B-8C9B-416B-2B78-EA2D1DB28797}"
EndProject
Global
	GlobalSection(SolutionConfigurationPlatforms) = preSolution
		Debug|Any CPU = Debug|Any CPU
		Release|Any CPU = Release|Any CPU
	EndGlobalSection
	GlobalSection(ProjectConfigurationPlatforms) = postSolution
		{FDBE2C3B-8C9B-416B-2B78-EA2D1DB28797}.Debug|Any CPU.ActiveCfg = Debug|Any CPU
		{FDBE2C3B-8C9B-416B-2B78-EA2D1DB28797}.Debug|Any CPU.Build.0 = Debug|Any CPU
		{FDBE2C3B-8C9B-416B-2B78-EA2D1DB28797}.Release|Any CPU.ActiveCfg = Release|Any CPU
		{FDBE2C3B-8C9B-416B-2B78-EA2D1DB28797}.Release|Any CPU.Build.0 = Release|Any CPU
	EndGlobalSection
	GlobalSection(SolutionProperties) = preSolution
		HideSolutionNode = FALSE
	EndGlobalSection
	GlobalSection(ExtensibilityGlobals) = postSolution
		SolutionGuid = {ABEB6FD6-17FD-41C0-8A1F-4C2DC180DCD9}
	EndGlobalSection
EndGlobal
